
Microsoft Visual Studio Solution File, Format Version 12.00
# Visual Studio 15
VisualStudioVersion = 15.0.27703.2042
MinimumVisualStudioVersion = 10.0.40219.1
Project("{FAE04EC0-301F-11D3-BF4B-00C04F79EFBC}") = "Render3D", "Render3D\Render3D.csproj", "{00CA31F6-38B9-4EE6-8D0E-5C91D677E773}"
EndProject
Global
	GlobalSection(SolutionConfigurationPlatforms) = preSolution
		Debug|Any CPU = Debug|Any CPU
		Release|Any CPU = Release|Any CPU
	EndGlobalSection
	GlobalSection(ProjectConfigurationPlatforms) = postSolution
		{00CA31F6-38B9-4EE6-8D0E-5C91D677E773}.Debug|Any CPU.ActiveCfg = Debug|Any CPU
		{00CA31F6-38B9-4EE6-8D0E-5C91D677E773}.Debug|Any CPU.Build.0 = Debug|Any CPU
		{00CA31F6-38B9-4EE6-8D0E-5C91D677E773}.Release|Any CPU.ActiveCfg = Release|Any CPU
		{00CA31F6-38B9-4EE6-8D0E-5C91D677E773}.Release|Any CPU.Build.0 = Release|Any CPU
	EndGlobalSection
	GlobalSection(SolutionProperties) = preSolution
		HideSolutionNode = FALSE
	EndGlobalSection
	GlobalSection(ExtensibilityGlobals) = postSolution
		SolutionGuid = {3C6224BC-B53C-4149-A7E0-EB674922756E}
	EndGlobalSection
EndGlobal
